
Microsoft Visual Studio Solution File, Format Version 12.00
# Visual Studio Version 17
VisualStudioVersion = 17.2.32516.85
MinimumVisualStudioVersion = 10.0.40219.1
Project("{FAE04EC0-301F-11D3-BF4B-00C04F79EFBC}") = "ConsoleApp15", "ConsoleApp15\ConsoleApp15.csproj", "{D401D152-AA36-498D-9887-2EF5DB53038B}"
EndProject
Global
	GlobalSection(SolutionConfigurationPlatforms) = preSolution
		Debug|Any CPU = Debug|Any CPU
		Release|Any CPU = Release|Any CPU
	EndGlobalSection
	GlobalSection(ProjectConfigurationPlatforms) = postSolution
		{D401D152-AA36-498D-9887-2EF5DB53038B}.Debug|Any CPU.ActiveCfg = Debug|Any CPU
		{D401D152-AA36-498D-9887-2EF5DB53038B}.Debug|Any CPU.Build.0 = Debug|Any CPU
		{D401D152-AA36-498D-9887-2EF5DB53038B}.Release|Any CPU.ActiveCfg = Release|Any CPU
		{D401D152-AA36-498D-9887-2EF5DB53038B}.Release|Any CPU.Build.0 = Release|Any CPU
	EndGlobalSection
	GlobalSection(SolutionProperties) = preSolution
		HideSolutionNode = FALSE
	EndGlobalSection
	GlobalSection(ExtensibilityGlobals) = postSolution
		SolutionGuid = {4F11FB51-4D70-4067-A7B6-BF40E3B4E714}
	EndGlobalSection
EndGlobal
